# THIS IS AN AUTOGENERATED FILE. DO NOT EDIT THIS FILE DIRECTLY.
# yarn lockfile v1


"@babel/parser@^7.16.4":
  version "7.18.9"
  resolved "https://registry.npmjs.org/@babel/parser/-/parser-7.18.9.tgz"
  integrity sha512-9uJveS9eY9DJ0t64YbIBZICtJy8a5QrDEVdiLCG97fVLpDTpGX7t8mMSb6OWw6Lrnjqj4O8zwjELX3dhoMgiBg==

"@babel/runtime-corejs3@^7.11.2":
  version "7.18.9"
  resolved "https://registry.npmjs.org/@babel/runtime-corejs3/-/runtime-corejs3-7.18.9.tgz"
  integrity sha512-qZEWeccZCrHA2Au4/X05QW5CMdm4VjUDCrGq5gf1ZDcM4hRqreKrtwAn7yci9zfgAS9apvnsFXiGBHBAxZdK9A==
  dependencies:
    core-js-pure "^3.20.2"
    regenerator-runtime "^0.13.4"

"@babel/runtime@^7.11.2":
  version "7.18.9"
  resolved "https://registry.npmjs.org/@babel/runtime/-/runtime-7.18.9.tgz"
  integrity sha512-lkqXDcvlFT5rvEjiu6+QYO+1GXrEHRo2LOtS7E4GtX5ESIZOgepqsZBVIj6Pv+a6zqsya9VCgiK1KAK4BvJDAw==
  dependencies:
    regenerator-runtime "^0.13.4"

"@element-plus/icons@^0.0.11":
  version "0.0.11"
  resolved "https://registry.yarnpkg.com/@element-plus/icons/-/icons-0.0.11.tgz#9b187c002774548b911850d17fa5fc2f9a515f57"
  integrity sha512-iKQXSxXu131Ai+I9Ymtcof9WId7kaXvB1+WRfAfpQCW7UiAMYgdNDqb/u0hgTo2Yq3MwC4MWJnNuTBEpG8r7+A==

"@intlify/core-base@9.1.10":
  version "9.1.10"
  resolved "https://registry.npmjs.org/@intlify/core-base/-/core-base-9.1.10.tgz"
  integrity sha512-So9CNUavB/IsZ+zBmk2Cv6McQp6vc2wbGi1S0XQmJ8Vz+UFcNn9MFXAe9gY67PreIHrbLsLxDD0cwo1qsxM1Nw==
  dependencies:
    "@intlify/devtools-if" "9.1.10"
    "@intlify/message-compiler" "9.1.10"
    "@intlify/message-resolver" "9.1.10"
    "@intlify/runtime" "9.1.10"
    "@intlify/shared" "9.1.10"
    "@intlify/vue-devtools" "9.1.10"

"@intlify/devtools-if@9.1.10":
  version "9.1.10"
  resolved "https://registry.npmjs.org/@intlify/devtools-if/-/devtools-if-9.1.10.tgz"
  integrity sha512-SHaKoYu6sog3+Q8js1y3oXLywuogbH1sKuc7NSYkN3GElvXSBaMoCzW+we0ZSFqj/6c7vTNLg9nQ6rxhKqYwnQ==
  dependencies:
    "@intlify/shared" "9.1.10"

"@intlify/message-compiler@9.1.10":
  version "9.1.10"
  resolved "https://registry.npmjs.org/@intlify/message-compiler/-/message-compiler-9.1.10.tgz"
  integrity sha512-+JiJpXff/XTb0EadYwdxOyRTB0hXNd4n1HaJ/a4yuV960uRmPXaklJsedW0LNdcptd/hYUZtCkI7Lc9J5C1gxg==
  dependencies:
    "@intlify/message-resolver" "9.1.10"
    "@intlify/shared" "9.1.10"
    source-map "0.6.1"

"@intlify/message-resolver@9.1.10":
  version "9.1.10"
  resolved "https://registry.npmjs.org/@intlify/message-resolver/-/message-resolver-9.1.10.tgz"
  integrity sha512-5YixMG/M05m0cn9+gOzd4EZQTFRUu8RGhzxJbR1DWN21x/Z3bJ8QpDYj6hC4FwBj5uKsRfKpJQ3Xqg98KWoA+w==

"@intlify/runtime@9.1.10":
  version "9.1.10"
  resolved "https://registry.npmjs.org/@intlify/runtime/-/runtime-9.1.10.tgz"
  integrity sha512-7QsuByNzpe3Gfmhwq6hzgXcMPpxz8Zxb/XFI6s9lQdPLPe5Lgw4U1ovRPZTOs6Y2hwitR3j/HD8BJNGWpJnOFA==
  dependencies:
    "@intlify/message-compiler" "9.1.10"
    "@intlify/message-resolver" "9.1.10"
    "@intlify/shared" "9.1.10"

"@intlify/shared@9.1.10":
  version "9.1.10"
  resolved "https://registry.npmjs.org/@intlify/shared/-/shared-9.1.10.tgz"
  integrity sha512-Om54xJeo1Vw+K1+wHYyXngE8cAbrxZHpWjYzMR9wCkqbhGtRV5VLhVc214Ze2YatPrWlS2WSMOWXR8JktX/IgA==

"@intlify/vue-devtools@9.1.10":
  version "9.1.10"
  resolved "https://registry.npmjs.org/@intlify/vue-devtools/-/vue-devtools-9.1.10.tgz"
  integrity sha512-5l3qYARVbkWAkagLu1XbDUWRJSL8br1Dj60wgMaKB0+HswVsrR6LloYZTg7ozyvM621V6+zsmwzbQxbVQyrytQ==
  dependencies:
    "@intlify/message-resolver" "9.1.10"
    "@intlify/runtime" "9.1.10"
    "@intlify/shared" "9.1.10"

"@popperjs/core@^2.4.4":
  version "2.11.6"
  resolved "https://registry.yarnpkg.com/@popperjs/core/-/core-2.11.6.tgz#cee20bd55e68a1720bdab363ecf0c821ded4cd45"
  integrity sha512-50/17A98tWUfQ176raKiOGXuYpLyyVMkxxG6oylzL3BPOlA6ADGdK7EYunSa4I064xerltq9TGXs8HmOk5E+vw==

"@types/marked@^4.0.3":
  version "4.0.3"
  resolved "https://registry.npmjs.org/@types/marked/-/marked-4.0.3.tgz"
  integrity sha512-HnMWQkLJEf/PnxZIfbm0yGJRRZYYMhb++O9M36UCTA9z53uPvVoSlAwJr3XOpDEryb7Hwl1qAx/MV6YIW1RXxg==

"@vitejs/plugin-vue@^2.3.3":
  version "2.3.3"
  resolved "https://registry.npmjs.org/@vitejs/plugin-vue/-/plugin-vue-2.3.3.tgz"
  integrity sha512-SmQLDyhz+6lGJhPELsBdzXGc+AcaT8stgkbiTFGpXPe8Tl1tJaBw1A6pxDqDuRsVkD8uscrkx3hA7QDOoKYtyw==

"@vue/compiler-core@3.2.37":
  version "3.2.37"
  resolved "https://registry.npmjs.org/@vue/compiler-core/-/compiler-core-3.2.37.tgz"
  integrity sha512-81KhEjo7YAOh0vQJoSmAD68wLfYqJvoiD4ulyedzF+OEk/bk6/hx3fTNVfuzugIIaTrOx4PGx6pAiBRe5e9Zmg==
  dependencies:
    "@babel/parser" "^7.16.4"
    "@vue/shared" "3.2.37"
    estree-walker "^2.0.2"
    source-map "^0.6.1"

"@vue/compiler-dom@3.2.37":
  version "3.2.37"
  resolved "https://registry.npmjs.org/@vue/compiler-dom/-/compiler-dom-3.2.37.tgz"
  integrity sha512-yxJLH167fucHKxaqXpYk7x8z7mMEnXOw3G2q62FTkmsvNxu4FQSu5+3UMb+L7fjKa26DEzhrmCxAgFLLIzVfqQ==
  dependencies:
    "@vue/compiler-core" "3.2.37"
    "@vue/shared" "3.2.37"

"@vue/compiler-sfc@3.2.37", "@vue/compiler-sfc@^3.1.2":
  version "3.2.37"
  resolved "https://registry.npmjs.org/@vue/compiler-sfc/-/compiler-sfc-3.2.37.tgz"
  integrity sha512-+7i/2+9LYlpqDv+KTtWhOZH+pa8/HnX/905MdVmAcI/mPQOBwkHHIzrsEsucyOIZQYMkXUiTkmZq5am/NyXKkg==
  dependencies:
    "@babel/parser" "^7.16.4"
    "@vue/compiler-core" "3.2.37"
    "@vue/compiler-dom" "3.2.37"
    "@vue/compiler-ssr" "3.2.37"
    "@vue/reactivity-transform" "3.2.37"
    "@vue/shared" "3.2.37"
    estree-walker "^2.0.2"
    magic-string "^0.25.7"
    postcss "^8.1.10"
    source-map "^0.6.1"

"@vue/compiler-ssr@3.2.37":
  version "3.2.37"
  resolved "https://registry.npmjs.org/@vue/compiler-ssr/-/compiler-ssr-3.2.37.tgz"
  integrity sha512-7mQJD7HdXxQjktmsWp/J67lThEIcxLemz1Vb5I6rYJHR5vI+lON3nPGOH3ubmbvYGt8xEUaAr1j7/tIFWiEOqw==
  dependencies:
    "@vue/compiler-dom" "3.2.37"
    "@vue/shared" "3.2.37"

"@vue/devtools-api@^6.0.0-beta.7", "@vue/devtools-api@^6.1.4":
  version "6.2.1"
  resolved "https://registry.npmjs.org/@vue/devtools-api/-/devtools-api-6.2.1.tgz"
  integrity sha512-OEgAMeQXvCoJ+1x8WyQuVZzFo0wcyCmUR3baRVLmKBo1LmYZWMlRiXlux5jd0fqVJu6PfDbOrZItVqUEzLobeQ==

"@vue/reactivity-transform@3.2.37":
  version "3.2.37"
  resolved "https://registry.npmjs.org/@vue/reactivity-transform/-/reactivity-transform-3.2.37.tgz"
  integrity sha512-IWopkKEb+8qpu/1eMKVeXrK0NLw9HicGviJzhJDEyfxTR9e1WtpnnbYkJWurX6WwoFP0sz10xQg8yL8lgskAZg==
  dependencies:
    "@babel/parser" "^7.16.4"
    "@vue/compiler-core" "3.2.37"
    "@vue/shared" "3.2.37"
    estree-walker "^2.0.2"
    magic-string "^0.25.7"

"@vue/reactivity@3.2.37":
  version "3.2.37"
  resolved "https://registry.npmjs.org/@vue/reactivity/-/reactivity-3.2.37.tgz"
  integrity sha512-/7WRafBOshOc6m3F7plwzPeCu/RCVv9uMpOwa/5PiY1Zz+WLVRWiy0MYKwmg19KBdGtFWsmZ4cD+LOdVPcs52A==
  dependencies:
    "@vue/shared" "3.2.37"

"@vue/runtime-core@3.2.37":
  version "3.2.37"
  resolved "https://registry.npmjs.org/@vue/runtime-core/-/runtime-core-3.2.37.tgz"
  integrity sha512-JPcd9kFyEdXLl/i0ClS7lwgcs0QpUAWj+SKX2ZC3ANKi1U4DOtiEr6cRqFXsPwY5u1L9fAjkinIdB8Rz3FoYNQ==
  dependencies:
    "@vue/reactivity" "3.2.37"
    "@vue/shared" "3.2.37"

"@vue/runtime-dom@3.2.37":
  version "3.2.37"
  resolved "https://registry.npmjs.org/@vue/runtime-dom/-/runtime-dom-3.2.37.tgz"
  integrity sha512-HimKdh9BepShW6YozwRKAYjYQWg9mQn63RGEiSswMbW+ssIht1MILYlVGkAGGQbkhSh31PCdoUcfiu4apXJoPw==
  dependencies:
    "@vue/runtime-core" "3.2.37"
    "@vue/shared" "3.2.37"
    csstype "^2.6.8"

"@vue/server-renderer@3.2.37":
  version "3.2.37"
  resolved "https://registry.npmjs.org/@vue/server-renderer/-/server-renderer-3.2.37.tgz"
  integrity sha512-kLITEJvaYgZQ2h47hIzPh2K3jG8c1zCVbp/o/bzQOyvzaKiCquKS7AaioPI28GNxIsE/zSx+EwWYsNxDCX95MA==
  dependencies:
    "@vue/compiler-ssr" "3.2.37"
    "@vue/shared" "3.2.37"

"@vue/shared@3.2.37":
  version "3.2.37"
  resolved "https://registry.npmjs.org/@vue/shared/-/shared-3.2.37.tgz"
  integrity sha512-4rSJemR2NQIo9Klm1vabqWjD8rs/ZaJSzMxkMNeJS6lHiUjjUeYFbooN19NgFjztubEKh3WlZUeOLVdbbUWHsw==

adler-32@~1.3.0:
  version "1.3.1"
  resolved "https://registry.npmjs.org/adler-32/-/adler-32-1.3.1.tgz"
  integrity sha512-ynZ4w/nUUv5rrsR8UUGoe1VC9hZj6V5hU9Qw1HlMDJGEJw5S7TfTErWTjMys6M7vr0YWcPqs3qAr4ss0nDfP+A==

async-validator@^3.4.0:
  version "3.5.2"
  resolved "https://registry.yarnpkg.com/async-validator/-/async-validator-3.5.2.tgz#68e866a96824e8b2694ff7a831c1a25c44d5e500"
  integrity sha512-8eLCg00W9pIRZSB781UUX/H6Oskmm8xloZfr09lz5bikRpBVDlJ3hRVuxxP1SxcwsEYfJ4IU8Q19Y8/893r3rQ==

axios@^0.21.1:
  version "0.21.4"
  resolved "https://registry.npmjs.org/axios/-/axios-0.21.4.tgz"
  integrity sha512-ut5vewkiu8jjGBdqpM44XxjuCjq9LAKeHVmoVfHVzy8eHgxxq8SbAVQNovDA8mVi05kP0Ea/n/UzcSHcTJQfNg==
  dependencies:
    follow-redirects "^1.14.0"

cfb@~1.2.1:
  version "1.2.2"
  resolved "https://registry.npmjs.org/cfb/-/cfb-1.2.2.tgz"
  integrity sha512-KfdUZsSOw19/ObEWasvBP/Ac4reZvAGauZhs6S/gqNhXhI7cKwvlH7ulj+dOEYnca4bm4SGo8C1bTAQvnTjgQA==
  dependencies:
    adler-32 "~1.3.0"
    crc-32 "~1.2.0"

codepage@~1.15.0:
  version "1.15.0"
  resolved "https://registry.npmjs.org/codepage/-/codepage-1.15.0.tgz"
  integrity sha512-3g6NUTPd/YtuuGrhMnOMRjFc+LJw/bnMp3+0r/Wcz3IXUuCosKRJvMphm5+Q+bvTVGcJJuRvVLuYba+WojaFaA==

core-js-pure@^3.20.2:
  version "3.23.5"
  resolved "https://registry.npmjs.org/core-js-pure/-/core-js-pure-3.23.5.tgz"
  integrity sha512-8t78LdpKSuCq4pJYCYk8hl7XEkAX+BP16yRIwL3AanTksxuEf7CM83vRyctmiEL8NDZ3jpUcv56fk9/zG3aIuw==

crc-32@~1.2.0, crc-32@~1.2.1:
  version "1.2.2"
  resolved "https://registry.npmjs.org/crc-32/-/crc-32-1.2.2.tgz"
  integrity sha512-ROmzCKrTnOwybPcJApAA6WBWij23HVfGVNKqqrZpuyZOHqK2CwHSvpGuyt/UNNvaIjEd8X5IFGp4Mh+Ie1IHJQ==

cropperjs@^1.5.6:
  version "1.5.12"
  resolved "https://registry.npmjs.org/cropperjs/-/cropperjs-1.5.12.tgz"
  integrity sha512-re7UdjE5UnwdrovyhNzZ6gathI4Rs3KGCBSc8HCIjUo5hO42CtzyblmWLj6QWVw7huHyDMfpKxhiO2II77nhDw==

csstype@^2.6.8:
  version "2.6.20"
  resolved "https://registry.npmjs.org/csstype/-/csstype-2.6.20.tgz"
  integrity sha512-/WwNkdXfckNgw6S5R125rrW8ez139lBHWouiBvX8dfMFtcn6V81REDqnH7+CRpRipfYlyU1CmOnOxrmGcFOjeA==

dayjs@1.x:
  version "1.11.5"
  resolved "https://registry.yarnpkg.com/dayjs/-/dayjs-1.11.5.tgz#00e8cc627f231f9499c19b38af49f56dc0ac5e93"
  integrity sha512-CAdX5Q3YW3Gclyo5Vpqkgpj8fSdLQcRuzfX6mC6Phy0nfJ0eGYOeS7m4mt2plDWLAtA4TqTakvbboHvUxfe4iA==

element-plus@^1.0.2-beta.52:
  version "1.0.2-beta.71"
  resolved "https://registry.yarnpkg.com/element-plus/-/element-plus-1.0.2-beta.71.tgz#148f16d5a0a800549989f7869bbf4d656c652d36"
  integrity sha512-tlfbRORIav8gJcIpjZI5F6aJIVHIaDuGO6/vKu43lgYq4JS2JPNRTjvrSE2p4f5xLfaFNfOWjCS3sybXLfMg8g==
  dependencies:
    "@element-plus/icons" "^0.0.11"
    "@popperjs/core" "^2.4.4"
    async-validator "^3.4.0"
    dayjs "1.x"
    lodash "^4.17.20"
    mitt "^2.1.0"
    normalize-wheel "^1.0.1"
    resize-observer-polyfill "^1.5.1"

esbuild-android-64@0.14.51:
  version "0.14.51"
  resolved "https://registry.yarnpkg.com/esbuild-android-64/-/esbuild-android-64-0.14.51.tgz#414a087cb0de8db1e347ecca6c8320513de433db"
  integrity sha512-6FOuKTHnC86dtrKDmdSj2CkcKF8PnqkaIXqvgydqfJmqBazCPdw+relrMlhGjkvVdiiGV70rpdnyFmA65ekBCQ==

esbuild-android-arm64@0.14.51:
  version "0.14.51"
  resolved "https://registry.yarnpkg.com/esbuild-android-arm64/-/esbuild-android-arm64-0.14.51.tgz#55de3bce2aab72bcd2b606da4318ad00fb9c8151"
  integrity sha512-vBtp//5VVkZWmYYvHsqBRCMMi1MzKuMIn5XDScmnykMTu9+TD9v0NMEDqQxvtFToeYmojdo5UCV2vzMQWJcJ4A==

esbuild-darwin-64@0.14.51:
  version "0.14.51"
  resolved "https://registry.npmjs.org/esbuild-darwin-64/-/esbuild-darwin-64-0.14.51.tgz"
  integrity sha512-YFmXPIOvuagDcwCejMRtCDjgPfnDu+bNeh5FU2Ryi68ADDVlWEpbtpAbrtf/lvFTWPexbgyKgzppNgsmLPr8PA==

esbuild-darwin-arm64@0.14.51:
  version "0.14.51"
  resolved "https://registry.yarnpkg.com/esbuild-darwin-arm64/-/esbuild-darwin-arm64-0.14.51.tgz#d77b4366a71d84e530ba019d540b538b295d494a"
  integrity sha512-juYD0QnSKwAMfzwKdIF6YbueXzS6N7y4GXPDeDkApz/1RzlT42mvX9jgNmyOlWKN7YzQAYbcUEJmZJYQGdf2ow==

esbuild-freebsd-64@0.14.51:
  version "0.14.51"
  resolved "https://registry.yarnpkg.com/esbuild-freebsd-64/-/esbuild-freebsd-64-0.14.51.tgz#27b6587b3639f10519c65e07219d249b01f2ad38"
  integrity sha512-cLEI/aXjb6vo5O2Y8rvVSQ7smgLldwYY5xMxqh/dQGfWO+R1NJOFsiax3IS4Ng300SVp7Gz3czxT6d6qf2cw0g==

esbuild-freebsd-arm64@0.14.51:
  version "0.14.51"
  resolved "https://registry.yarnpkg.com/esbuild-freebsd-arm64/-/esbuild-freebsd-arm64-0.14.51.tgz#63c435917e566808c71fafddc600aca4d78be1ec"
  integrity sha512-TcWVw/rCL2F+jUgRkgLa3qltd5gzKjIMGhkVybkjk6PJadYInPtgtUBp1/hG+mxyigaT7ib+od1Xb84b+L+1Mg==

esbuild-linux-32@0.14.51:
  version "0.14.51"
  resolved "https://registry.yarnpkg.com/esbuild-linux-32/-/esbuild-linux-32-0.14.51.tgz#c3da774143a37e7f11559b9369d98f11f997a5d9"
  integrity sha512-RFqpyC5ChyWrjx8Xj2K0EC1aN0A37H6OJfmUXIASEqJoHcntuV3j2Efr9RNmUhMfNE6yEj2VpYuDteZLGDMr0w==

esbuild-linux-64@0.14.51:
  version "0.14.51"
  resolved "https://registry.yarnpkg.com/esbuild-linux-64/-/esbuild-linux-64-0.14.51.tgz#5d92b67f674e02ae0b4a9de9a757ba482115c4ae"
  integrity sha512-dxjhrqo5i7Rq6DXwz5v+MEHVs9VNFItJmHBe1CxROWNf4miOGoQhqSG8StStbDkQ1Mtobg6ng+4fwByOhoQoeA==

esbuild-linux-arm64@0.14.51:
  version "0.14.51"
  resolved "https://registry.yarnpkg.com/esbuild-linux-arm64/-/esbuild-linux-arm64-0.14.51.tgz#dac84740516e859d8b14e1ecc478dd5241b10c93"
  integrity sha512-D9rFxGutoqQX3xJPxqd6o+kvYKeIbM0ifW2y0bgKk5HPgQQOo2k9/2Vpto3ybGYaFPCE5qTGtqQta9PoP6ZEzw==

esbuild-linux-arm@0.14.51:
  version "0.14.51"
  resolved "https://registry.yarnpkg.com/esbuild-linux-arm/-/esbuild-linux-arm-0.14.51.tgz#b3ae7000696cd53ed95b2b458554ff543a60e106"
  integrity sha512-LsJynDxYF6Neg7ZC7748yweCDD+N8ByCv22/7IAZglIEniEkqdF4HCaa49JNDLw1UQGlYuhOB8ZT/MmcSWzcWg==

esbuild-linux-mips64le@0.14.51:
  version "0.14.51"
  resolved "https://registry.yarnpkg.com/esbuild-linux-mips64le/-/esbuild-linux-mips64le-0.14.51.tgz#dad10770fac94efa092b5a0643821c955a9dd385"
  integrity sha512-vS54wQjy4IinLSlb5EIlLoln8buh1yDgliP4CuEHumrPk4PvvP4kTRIG4SzMXm6t19N0rIfT4bNdAxzJLg2k6A==

esbuild-linux-ppc64le@0.14.51:
  version "0.14.51"
  resolved "https://registry.yarnpkg.com/esbuild-linux-ppc64le/-/esbuild-linux-ppc64le-0.14.51.tgz#b68c2f8294d012a16a88073d67e976edd4850ae0"
  integrity sha512-xcdd62Y3VfGoyphNP/aIV9LP+RzFw5M5Z7ja+zdpQHHvokJM7d0rlDRMN+iSSwvUymQkqZO+G/xjb4/75du8BQ==

esbuild-linux-riscv64@0.14.51:
  version "0.14.51"
  resolved "https://registry.yarnpkg.com/esbuild-linux-riscv64/-/esbuild-linux-riscv64-0.14.51.tgz#608a318b8697123e44c1e185cdf6708e3df50b93"
  integrity sha512-syXHGak9wkAnFz0gMmRBoy44JV0rp4kVCEA36P5MCeZcxFq8+fllBC2t6sKI23w3qd8Vwo9pTADCgjTSf3L3rA==

esbuild-linux-s390x@0.14.51:
  version "0.14.51"
  resolved "https://registry.yarnpkg.com/esbuild-linux-s390x/-/esbuild-linux-s390x-0.14.51.tgz#c9e7791170a3295dba79b93aa452beb9838a8625"
  integrity sha512-kFAJY3dv+Wq8o28K/C7xkZk/X34rgTwhknSsElIqoEo8armCOjMJ6NsMxm48KaWY2h2RUYGtQmr+RGuUPKBhyw==

esbuild-netbsd-64@0.14.51:
  version "0.14.51"
  resolved "https://registry.yarnpkg.com/esbuild-netbsd-64/-/esbuild-netbsd-64-0.14.51.tgz#0abd40b8c2e37fda6f5cc41a04cb2b690823d891"
  integrity sha512-ZZBI7qrR1FevdPBVHz/1GSk1x5GDL/iy42Zy8+neEm/HA7ma+hH/bwPEjeHXKWUDvM36CZpSL/fn1/y9/Hb+1A==

esbuild-openbsd-64@0.14.51:
  version "0.14.51"
  resolved "https://registry.yarnpkg.com/esbuild-openbsd-64/-/esbuild-openbsd-64-0.14.51.tgz#4adba0b7ea7eb1428bb00d8e94c199a949b130e8"
  integrity sha512-7R1/p39M+LSVQVgDVlcY1KKm6kFKjERSX1lipMG51NPcspJD1tmiZSmmBXoY5jhHIu6JL1QkFDTx94gMYK6vfA==

esbuild-sunos-64@0.14.51:
  version "0.14.51"
  resolved "https://registry.yarnpkg.com/esbuild-sunos-64/-/esbuild-sunos-64-0.14.51.tgz#4b8a6d97dfedda30a6e39607393c5c90ebf63891"
  integrity sha512-HoHaCswHxLEYN8eBTtyO0bFEWvA3Kdb++hSQ/lLG7TyKF69TeSG0RNoBRAs45x/oCeWaTDntEZlYwAfQlhEtJA==

esbuild-windows-32@0.14.51:
  version "0.14.51"
  resolved "https://registry.yarnpkg.com/esbuild-windows-32/-/esbuild-windows-32-0.14.51.tgz#d31d8ca0c1d314fb1edea163685a423b62e9ac17"
  integrity sha512-4rtwSAM35A07CBt1/X8RWieDj3ZUHQqUOaEo5ZBs69rt5WAFjP4aqCIobdqOy4FdhYw1yF8Z0xFBTyc9lgPtEg==

esbuild-windows-64@0.14.51:
  version "0.14.51"
  resolved "https://registry.yarnpkg.com/esbuild-windows-64/-/esbuild-windows-64-0.14.51.tgz#7d3c09c8652d222925625637bdc7e6c223e0085d"
  integrity sha512-HoN/5HGRXJpWODprGCgKbdMvrC3A2gqvzewu2eECRw2sYxOUoh2TV1tS+G7bHNapPGI79woQJGV6pFH7GH7qnA==

esbuild-windows-arm64@0.14.51:
  version "0.14.51"
  resolved "https://registry.yarnpkg.com/esbuild-windows-arm64/-/esbuild-windows-arm64-0.14.51.tgz#0220d2304bfdc11bc27e19b2aaf56edf183e4ae9"
  integrity sha512-JQDqPjuOH7o+BsKMSddMfmVJXrnYZxXDHsoLHc0xgmAZkOOCflRmC43q31pk79F9xuyWY45jDBPolb5ZgGOf9g==

esbuild@^0.14.27:
  version "0.14.51"
  resolved "https://registry.npmjs.org/esbuild/-/esbuild-0.14.51.tgz"
  integrity sha512-+CvnDitD7Q5sT7F+FM65sWkF8wJRf+j9fPcprxYV4j+ohmzVj2W7caUqH2s5kCaCJAfcAICjSlKhDCcvDpU7nw==
  optionalDependencies:
    esbuild-android-64 "0.14.51"
    esbuild-android-arm64 "0.14.51"
    esbuild-darwin-64 "0.14.51"
    esbuild-darwin-arm64 "0.14.51"
    esbuild-freebsd-64 "0.14.51"
    esbuild-freebsd-arm64 "0.14.51"
    esbuild-linux-32 "0.14.51"
    esbuild-linux-64 "0.14.51"
    esbuild-linux-arm "0.14.51"
    esbuild-linux-arm64 "0.14.51"
    esbuild-linux-mips64le "0.14.51"
    esbuild-linux-ppc64le "0.14.51"
    esbuild-linux-riscv64 "0.14.51"
    esbuild-linux-s390x "0.14.51"
    esbuild-netbsd-64 "0.14.51"
    esbuild-openbsd-64 "0.14.51"
    esbuild-sunos-64 "0.14.51"
    esbuild-windows-32 "0.14.51"
    esbuild-windows-64 "0.14.51"
    esbuild-windows-arm64 "0.14.51"

estree-walker@^2.0.2:
  version "2.0.2"
  resolved "https://registry.npmjs.org/estree-walker/-/estree-walker-2.0.2.tgz"
  integrity sha512-Rfkk/Mp/DL7JVje3u18FxFujQlTNR2q6QfMSMB7AvCBx91NGj/ba3kCfza0f6dVDbw7YlRf/nDrn7pQrCCyQ/w==

file-saver@^2.0.5:
  version "2.0.5"
  resolved "https://registry.npmjs.org/file-saver/-/file-saver-2.0.5.tgz"
  integrity sha512-P9bmyZ3h/PRG+Nzga+rbdI4OEpNDzAVyy74uVO9ATgzLK6VtAsYybF/+TOCvrc0MO793d6+42lLyZTw7/ArVzA==

follow-redirects@^1.14.0:
  version "1.15.1"
  resolved "https://registry.npmjs.org/follow-redirects/-/follow-redirects-1.15.1.tgz"
  integrity sha512-yLAMQs+k0b2m7cVxpS1VKJVvoz7SS9Td1zss3XRwXj+ZDH00RJgnuLx7E44wx02kQLrdM3aOOy+FpzS7+8OizA==

frac@~1.1.2:
  version "1.1.2"
  resolved "https://registry.npmjs.org/frac/-/frac-1.1.2.tgz"
  integrity sha512-w/XBfkibaTl3YDqASwfDUqkna4Z2p9cFSr1aHDt0WoMTECnRfBOv2WArlZILlqgWlmdIlALXGpM2AOhEk5W3IA==

fsevents@~2.3.2:
  version "2.3.2"
  resolved "https://registry.npmjs.org/fsevents/-/fsevents-2.3.2.tgz"
  integrity sha512-xiqMQR4xAeHTuB9uWm+fFRcIOgKBMiOBP+eXiyT7jsgVCq1bkVygt00oASowB7EdtpOHaaPgKt812P9ab+DDKA==

function-bind@^1.1.1:
  version "1.1.1"
  resolved "https://registry.npmjs.org/function-bind/-/function-bind-1.1.1.tgz"
  integrity sha512-yIovAzMX49sF8Yl58fSCWJ5svSLuaibPxXQJFLmBObTuCr0Mf1KiPopGM9NiFjiYBCbfaa2Fh6breQ6ANVTI0A==

has@^1.0.3:
  version "1.0.3"
  resolved "https://registry.npmjs.org/has/-/has-1.0.3.tgz"
  integrity sha512-f2dvO0VU6Oej7RkWJGrehjbzMAjFp5/VKPp5tTpWIV4JHHZK1/BxbFRtf/siA2SWTe09caDmVtYYzWEIbBS4zw==
  dependencies:
    function-bind "^1.1.1"

is-core-module@^2.9.0:
  version "2.9.0"
  resolved "https://registry.npmjs.org/is-core-module/-/is-core-module-2.9.0.tgz"
  integrity sha512-+5FPy5PnwmO3lvfMb0AsoPaBG+5KHUI0wYFXOtYPnVVVspTFUuMZNfNaNVRt3FZadstu2c8x23vykRW/NBoU6A==
  dependencies:
    has "^1.0.3"

js-md5@^0.7.3:
  version "0.7.3"
  resolved "https://registry.npmjs.org/js-md5/-/js-md5-0.7.3.tgz"
  integrity sha512-ZC41vPSTLKGwIRjqDh8DfXoCrdQIyBgspJVPXHBGu4nZlAEvG3nf+jO9avM9RmLiGakg7vz974ms99nEV0tmTQ==

lodash@^4.17.20:
  version "4.17.21"
  resolved "https://registry.yarnpkg.com/lodash/-/lodash-4.17.21.tgz#679591c564c3bffaae8454cf0b3df370c3d6911c"
  integrity sha512-v2kDEe57lecTulaDIuNTPy3Ry4gLGJ6Z1O3vE1krgXZNrsQ+LFTGHVxVjcXPs17LhbZVGedAJv8XZ1tvj5FvSg==

magic-string@^0.25.7:
  version "0.25.9"
  resolved "https://registry.npmjs.org/magic-string/-/magic-string-0.25.9.tgz"
  integrity sha512-RmF0AsMzgt25qzqqLc1+MbHmhdx0ojF2Fvs4XnOqz2ZOBXzzkEwc/dJQZCYHAn7v1jbVOjAZfK8msRn4BxO4VQ==
  dependencies:
    sourcemap-codec "^1.4.8"

md-editor-v3@^2.2.0:
  version "2.2.1"
  resolved "https://registry.npmjs.org/md-editor-v3/-/md-editor-v3-2.2.1.tgz"
  integrity sha512-nOd8mlEhvC99l9Y8pDMwEi6EdCAeBp88Ffl24We+2uz3/Iympctm92L1qyNicONJRhtZJacQ4oWTQGMYKGAxVg==
  dependencies:
    "@types/marked" "^4.0.3"

mitt@^2.1.0:
  version "2.1.0"
  resolved "https://registry.yarnpkg.com/mitt/-/mitt-2.1.0.tgz#f740577c23176c6205b121b2973514eade1b2230"
  integrity sha512-ILj2TpLiysu2wkBbWjAmww7TkZb65aiQO+DkVdUTBpBXq+MHYiETENkKFMtsJZX1Lf4pe4QOrTSjIfUwN5lRdg==

moment@^2.29.4:
  version "2.29.4"
  resolved "https://registry.npmjs.org/moment/-/moment-2.29.4.tgz"
  integrity sha512-5LC9SOxjSc2HF6vO2CyuTDNivEdoz2IvyJJGj6X8DJ0eFyfszE0QiEd+iXmBvUP3WHxSjFH/vIsA0EN00cgr8w==

nanoid@^3.3.4:
  version "3.3.4"
  resolved "https://registry.npmjs.org/nanoid/-/nanoid-3.3.4.tgz"
  integrity sha512-MqBkQh/OHTS2egovRtLk45wEyNXwF+cokD+1YPf9u5VfJiRdAiRwB2froX5Co9Rh20xs4siNPm8naNotSD6RBw==

normalize-wheel@^1.0.1:
  version "1.0.1"
  resolved "https://registry.yarnpkg.com/normalize-wheel/-/normalize-wheel-1.0.1.tgz#aec886affdb045070d856447df62ecf86146ec45"
  integrity sha512-1OnlAPZ3zgrk8B91HyRj+eVv+kS5u+Z0SCsak6Xil/kmgEia50ga7zfkumayonZrImffAxPU/5WcyGhzetHNPA==

path-parse@^1.0.7:
  version "1.0.7"
  resolved "https://registry.npmjs.org/path-parse/-/path-parse-1.0.7.tgz"
  integrity sha512-LDJzPVEEEPR+y48z93A0Ed0yXb8pAByGWo/k5YYdYgpY2/2EsOsksJrq7lOHxryrVOn1ejG6oAp8ahvOIQD8sw==

picocolors@^1.0.0:
  version "1.0.0"
  resolved "https://registry.npmjs.org/picocolors/-/picocolors-1.0.0.tgz"
  integrity sha512-1fygroTLlHu66zi26VoTDv8yRgm0Fccecssto+MhsZ0D/DGW2sm8E8AjW7NU5VVTRt5GxbeZ5qBuJr+HyLYkjQ==

pinia@^2.0.14:
  version "2.0.16"
  resolved "https://registry.npmjs.org/pinia/-/pinia-2.0.16.tgz"
  integrity sha512-9/LMVO+/epny1NBfC77vnps4g3JRezxhhoF1xLUk8mZkUIxVnwfEAIRiAX8mYBTD/KCwZqnDMqXc8w3eU0FQGg==
  dependencies:
    "@vue/devtools-api" "^6.1.4"
    vue-demi "*"

postcss@^8.1.10, postcss@^8.4.13:
  version "8.4.14"
  resolved "https://registry.npmjs.org/postcss/-/postcss-8.4.14.tgz"
  integrity sha512-E398TUmfAYFPBSdzgeieK2Y1+1cpdxJx8yXbK/m57nRhKSmk1GB2tO4lbLBtlkfPQTDKfe4Xqv1ASWPpayPEig==
  dependencies:
    nanoid "^3.3.4"
    picocolors "^1.0.0"
    source-map-js "^1.0.2"

raw-loader@~0.5.1:
  version "0.5.1"
  resolved "https://registry.npmjs.org/raw-loader/-/raw-loader-0.5.1.tgz"
  integrity sha512-sf7oGoLuaYAScB4VGr0tzetsYlS8EJH6qnTCfQ/WVEa89hALQ4RQfCKt5xCyPQKPDUbVUAIP1QsxAwfAjlDp7Q==

regenerator-runtime@^0.13.4:
  version "0.13.9"
  resolved "https://registry.npmjs.org/regenerator-runtime/-/regenerator-runtime-0.13.9.tgz"
  integrity sha512-p3VT+cOEgxFsRRA9X4lkI1E+k2/CtnKtU4gcxyaCUreilL/vqI6CdZ3wxVUx3UOUg+gnUOQQcRI7BmSI656MYA==

resize-observer-polyfill@^1.5.1:
  version "1.5.1"
  resolved "https://registry.yarnpkg.com/resize-observer-polyfill/-/resize-observer-polyfill-1.5.1.tgz#0e9020dd3d21024458d4ebd27e23e40269810464"
  integrity sha512-LwZrotdHOo12nQuZlHEmtuXdqGoOD0OhaxopaNFxWzInpEgaLWoVuAMbTzixuosCx2nEG58ngzW3vxdWoxIgdg==

resolve@^1.22.0:
  version "1.22.1"
  resolved "https://registry.npmjs.org/resolve/-/resolve-1.22.1.tgz"
  integrity sha512-nBpuuYuY5jFsli/JIs1oldw6fOQCBioohqWZg/2hiaOybXOft4lonv85uDOKXdf8rhyK159cxU5cDcK/NKk8zw==
  dependencies:
    is-core-module "^2.9.0"
    path-parse "^1.0.7"
    supports-preserve-symlinks-flag "^1.0.0"

rollup@^2.59.0:
  version "2.77.2"
  resolved "https://registry.npmjs.org/rollup/-/rollup-2.77.2.tgz"
  integrity sha512-m/4YzYgLcpMQbxX3NmAqDvwLATZzxt8bIegO78FZLl+lAgKJBd1DRAOeEiZcKOIOPjxE6ewHWHNgGEalFXuz1g==
  optionalDependencies:
    fsevents "~2.3.2"

schart.js@^3.0.0:
  version "3.0.4"
  resolved "https://registry.npmjs.org/schart.js/-/schart.js-3.0.4.tgz"
  integrity sha512-uylb2u9rrHX1jyAuSAJUQON8XTfyDKI9kWj1J3fUlCQCkLVZ4HG4+IiV8qm//Z71dqvLI78QZ/fCBw0reB22Zw==

script-loader@^0.7.2:
  version "0.7.2"
  resolved "https://registry.npmjs.org/script-loader/-/script-loader-0.7.2.tgz"
  integrity sha512-UMNLEvgOAQuzK8ji8qIscM3GIrRCWN6MmMXGD4SD5l6cSycgGsCo0tX5xRnfQcoghqct0tjHjcykgI1PyBE2aA==
  dependencies:
    raw-loader "~0.5.1"

source-map-js@^1.0.2:
  version "1.0.2"
  resolved "https://registry.npmjs.org/source-map-js/-/source-map-js-1.0.2.tgz"
  integrity sha512-R0XvVJ9WusLiqTCEiGCmICCMplcCkIwwR11mOSD9CR5u+IXYdiseeEuXCVAjS54zqwkLcPNnmU4OeJ6tUrWhDw==

source-map@0.6.1, source-map@^0.6.1:
  version "0.6.1"
  resolved "https://registry.npmjs.org/source-map/-/source-map-0.6.1.tgz"
  integrity sha512-UjgapumWlbMhkBgzT7Ykc5YXUT46F0iKu8SGXq0bcwP5dz/h0Plj6enJqjz1Zbq2l5WaqYnrVbwWOWMyF3F47g==

sourcemap-codec@^1.4.8:
  version "1.4.8"
  resolved "https://registry.npmjs.org/sourcemap-codec/-/sourcemap-codec-1.4.8.tgz"
  integrity sha512-9NykojV5Uih4lgo5So5dtw+f0JgJX30KCNI8gwhz2J9A15wD0Ml6tjHKwf6fTSa6fAdVBdZeNOs9eJ71qCk8vA==

ssf@~0.11.2:
  version "0.11.2"
  resolved "https://registry.npmjs.org/ssf/-/ssf-0.11.2.tgz"
  integrity sha512-+idbmIXoYET47hH+d7dfm2epdOMUDjqcB4648sTZ+t2JwoyBFL/insLfB/racrDmsKB3diwsDA696pZMieAC5g==
  dependencies:
    frac "~1.1.2"

supports-preserve-symlinks-flag@^1.0.0:
  version "1.0.0"
  resolved "https://registry.npmjs.org/supports-preserve-symlinks-flag/-/supports-preserve-symlinks-flag-1.0.0.tgz"
  integrity sha512-ot0WnXS9fgdkgIcePe6RHNk1WA8+muPa6cSjeR3V8K27q9BB1rTE3R1p7Hv0z1ZyAc8s6Vvv8DIyWf681MAt0w==

tslib@^2.1.0:
  version "2.4.0"
  resolved "https://registry.npmjs.org/tslib/-/tslib-2.4.0.tgz"
  integrity sha512-d6xOpEDfsi2CZVlPQzGeux8XMwLT9hssAsaPYExaQMuYskwb+x1x7J371tWlbBdWHroy99KnVB6qIkUbs5X3UQ==

vite@^2.8.6:
  version "2.9.14"
  resolved "https://registry.npmjs.org/vite/-/vite-2.9.14.tgz"
  integrity sha512-P/UCjSpSMcE54r4mPak55hWAZPlyfS369svib/gpmz8/01L822lMPOJ/RYW6tLCe1RPvMvOsJ17erf55bKp4Hw==
  dependencies:
    esbuild "^0.14.27"
    postcss "^8.4.13"
    resolve "^1.22.0"
    rollup "^2.59.0"
  optionalDependencies:
    fsevents "~2.3.2"

vue-cropperjs@^5.0.0:
  version "5.0.0"
  resolved "https://registry.npmjs.org/vue-cropperjs/-/vue-cropperjs-5.0.0.tgz"
  integrity sha512-RhnC8O33uRZNkn74aiHZwNHnBJOXWlS4P6gsRI0lw4cZlWjKSCywZI9oSI9POlIPI6OYv30jvnHMXGch85tw7w==
  dependencies:
    cropperjs "^1.5.6"

vue-demi@*:
  version "0.13.5"
  resolved "https://registry.npmjs.org/vue-demi/-/vue-demi-0.13.5.tgz"
  integrity sha512-tO3K2bML3AwiHmVHeKCq6HLef2st4zBXIV5aEkoJl6HZ+gJWxWv2O8wLH8qrA3SX3lDoTDHNghLX1xZg83MXvw==

vue-i18n@^9.0.0:
  version "9.1.10"
  resolved "https://registry.npmjs.org/vue-i18n/-/vue-i18n-9.1.10.tgz"
  integrity sha512-jpr7gV5KPk4n+sSPdpZT8Qx3XzTcNDWffRlHV/cT2NUyEf+sEgTTmLvnBAibjOFJ0zsUyZlVTAWH5DDnYep+1g==
  dependencies:
    "@intlify/core-base" "9.1.10"
    "@intlify/shared" "9.1.10"
    "@intlify/vue-devtools" "9.1.10"
    "@vue/devtools-api" "^6.0.0-beta.7"

vue-router@^4.0.10:
  version "4.1.2"
  resolved "https://registry.npmjs.org/vue-router/-/vue-router-4.1.2.tgz"
  integrity sha512-5BP1qXFncVRwgV/XnqzsKApdMjQPqWIpoUBdL1ynz8HyLxIX/UDAx7Ql2BjmA5CXT/p61JfZvkpiFWFpaqcfag==
  dependencies:
    "@vue/devtools-api" "^6.1.4"

vue-schart@^2.0.0:
  version "2.0.0"
  resolved "https://registry.npmjs.org/vue-schart/-/vue-schart-2.0.0.tgz"
  integrity sha512-qAu3e5wfMcq26wK1xeHExEWfGpnjfoN1R/9QXblNi+AsU/p52X7tTwhi+Fw7H/otfEufhEY2X7z7emaoF4QO+g==
  dependencies:
    schart.js "^3.0.0"

vue@^3.2.4:
  version "3.2.37"
  resolved "https://registry.npmjs.org/vue/-/vue-3.2.37.tgz"
  integrity sha512-bOKEZxrm8Eh+fveCqS1/NkG/n6aMidsI6hahas7pa0w/l7jkbssJVsRhVDs07IdDq7h9KHswZOgItnwJAgtVtQ==
  dependencies:
    "@vue/compiler-dom" "3.2.37"
    "@vue/compiler-sfc" "3.2.37"
    "@vue/runtime-dom" "3.2.37"
    "@vue/server-renderer" "3.2.37"
    "@vue/shared" "3.2.37"

wangeditor@^4.7.4:
  version "4.7.15"
  resolved "https://registry.npmjs.org/wangeditor/-/wangeditor-4.7.15.tgz"
  integrity sha512-aPTdREd8BxXVyJ5MI+LU83FQ7u1EPd341iXIorRNYSOvoimNoZ4nPg+yn3FGbB93/owEa6buLw8wdhYnMCJQLg==
  dependencies:
    "@babel/runtime" "^7.11.2"
    "@babel/runtime-corejs3" "^7.11.2"
    tslib "^2.1.0"

wmf@~1.0.1:
  version "1.0.2"
  resolved "https://registry.npmjs.org/wmf/-/wmf-1.0.2.tgz"
  integrity sha512-/p9K7bEh0Dj6WbXg4JG0xvLQmIadrner1bi45VMJTfnbVHsc7yIajZyoSoK60/dtVBs12Fm6WkUI5/3WAVsNMw==

word@~0.3.0:
  version "0.3.0"
  resolved "https://registry.npmjs.org/word/-/word-0.3.0.tgz"
  integrity sha512-OELeY0Q61OXpdUfTp+oweA/vtLVg5VDOXh+3he3PNzLGG/y0oylSOC1xRVj0+l4vQ3tj/bB1HVHv1ocXkQceFA==

xlsx@^0.18.5:
  version "0.18.5"
  resolved "https://registry.npmjs.org/xlsx/-/xlsx-0.18.5.tgz"
  integrity sha512-dmg3LCjBPHZnQp5/F/+nnTa+miPJxUXB6vtk42YjBBKayDNagxGEeIdWApkYPOf3Z3pm3k62Knjzp7lMeTEtFQ==
  dependencies:
    adler-32 "~1.3.0"
    cfb "~1.2.1"
    codepage "~1.15.0"
    crc-32 "~1.2.1"
    ssf "~0.11.2"
    wmf "~1.0.1"
    word "~0.3.0"
